
Microsoft Visual Studio Solution File, Format Version 12.00
# Visual Studio Version 16
VisualStudioVersion = 16.0.31727.386
MinimumVisualStudioVersion = 10.0.40219.1
Project("{FAE04EC0-301F-11D3-BF4B-00C04F79EFBC}") = "ReflectionClassApp", "ReflectionClassApp\ReflectionClassApp.csproj", "{8B577121-3432-4DD6-9AE8-EDE77C2FF84B}"
EndProject
Global
	GlobalSection(SolutionConfigurationPlatforms) = preSolution
		Debug|Any CPU = Debug|Any CPU
		Release|Any CPU = Release|Any CPU
	EndGlobalSection
	GlobalSection(ProjectConfigurationPlatforms) = postSolution
		{8B577121-3432-4DD6-9AE8-EDE77C2FF84B}.Debug|Any CPU.ActiveCfg = Debug|Any CPU
		{8B577121-3432-4DD6-9AE8-EDE77C2FF84B}.Debug|Any CPU.Build.0 = Debug|Any CPU
		{8B577121-3432-4DD6-9AE8-EDE77C2FF84B}.Release|Any CPU.ActiveCfg = Release|Any CPU
		{8B577121-3432-4DD6-9AE8-EDE77C2FF84B}.Release|Any CPU.Build.0 = Release|Any CPU
	EndGlobalSection
	GlobalSection(SolutionProperties) = preSolution
		HideSolutionNode = FALSE
	EndGlobalSection
	GlobalSection(ExtensibilityGlobals) = postSolution
		SolutionGuid = {66C47742-8390-4715-9058-2951953C17E3}
	EndGlobalSection
EndGlobal
